// !$*UTF8*$!
{
	archiveVersion = 1;
	classes = {
	};
	objectVersion = 50;
	objects = {

/* Begin PBXBuildFile section */
		03AAD6342118D79D00AA4318 /* detailFinalViewController.swift in Sources */ = {isa = PBXBuildFile; fileRef = 03AAD6332118D79D00AA4318 /* detailFinalViewController.swift */; };
		03AAD6362118D7AB00AA4318 /* tableViewController.swift in Sources */ = {isa = PBXBuildFile; fileRef = 03AAD6352118D7AB00AA4318 /* tableViewController.swift */; };
		03AAD6382118D7D200AA4318 /* photoMakerViewController.swift in Sources */ = {isa = PBXBuildFile; fileRef = 03AAD6372118D7D200AA4318 /* photoMakerViewController.swift */; };
		03B1DAF02118D03800F9C49C /* AppDelegate.swift in Sources */ = {isa = PBXBuildFile; fileRef = 03B1DAEF2118D03800F9C49C /* AppDelegate.swift */; };
		03B1DAF22118D03800F9C49C /* ViewController.swift in Sources */ = {isa = PBXBuildFile; fileRef = 03B1DAF12118D03800F9C49C /* ViewController.swift */; };
		03B1DAF82118D03800F9C49C /* photoSaverNew.xcdatamodeld in Sources */ = {isa = PBXBuildFile; fileRef = 03B1DAF62118D03800F9C49C /* photoSaverNew.xcdatamodeld */; };
		03B1DAFD2118D03A00F9C49C /* LaunchScreen.storyboard in Resources */ = {isa = PBXBuildFile; fileRef = 03B1DAFB2118D03A00F9C49C /* LaunchScreen.storyboard */; };
		03B1DB062118D1C300F9C49C /* Main.storyboard in Resources */ = {isa = PBXBuildFile; fileRef = 03B1DB042118D1C200F9C49C /* Main.storyboard */; };
		03B1DB082118D24C00F9C49C /* Assets.xcassets in Resources */ = {isa = PBXBuildFile; fileRef = 03B1DB072118D24C00F9C49C /* Assets.xcassets */; };
/* End PBXBuildFile section */

/* Begin PBXFileReference section */
		03AAD6332118D79D00AA4318 /* detailFinalViewController.swift */ = {isa = PBXFileReference; fileEncoding = 4; lastKnownFileType = sourcecode.swift; name = detailFinalViewController.swift; path = ../../photoSaver/photoSaver/detailFinalViewController.swift; sourceTree = "<group>"; };
		03AAD6352118D7AB00AA4318 /* tableViewController.swift */ = {isa = PBXFileReference; fileEncoding = 4; lastKnownFileType = sourcecode.swift; name = tableViewController.swift; path = ../../photoSaver/photoSaver/tableViewController.swift; sourceTree = "<group>"; };
		03AAD6372118D7D200AA4318 /* photoMakerViewController.swift */ = {isa = PBXFileReference; fileEncoding = 4; lastKnownFileType = sourcecode.swift; name = photoMakerViewController.swift; path = ../../photoSaver/photoSaver/photoMakerViewController.swift; sourceTree = "<group>"; };
		03B1DAEC2118D03800F9C49C /* photoSaverNew.app */ = {isa = PBXFileReference; explicitFileType = wrapper.application; includeInIndex = 0; path = photoSaverNew.app; sourceTree = BUILT_PRODUCTS_DIR; };
		03B1DAEF2118D03800F9C49C /* AppDelegate.swift */ = {isa = PBXFileReference; lastKnownFileType = sourcecode.swift; path = AppDelegate.swift; sourceTree = "<group>"; };
		03B1DAF12118D03800F9C49C /* ViewController.swift */ = {isa = PBXFileReference; lastKnownFileType = sourcecode.swift; path = ViewController.swift; sourceTree = "<group>"; };
		03B1DAF72118D03800F9C49C /* photoSaverNew.xcdatamodel */ = {isa = PBXFileReference; lastKnownFileType = wrapper.xcdatamodel; path = photoSaverNew.xcdatamodel; sourceTree = "<group>"; };
		03B1DAFC2118D03A00F9C49C /* Base */ = {isa = PBXFileReference; lastKnownFileType = file.storyboard; name = Base; path = Base.lproj/LaunchScreen.storyboard; sourceTree = "<group>"; };
		03B1DAFE2118D03A00F9C49C /* Info.plist */ = {isa = PBXFileReference; lastKnownFileType = text.plist.xml; path = Info.plist; sourceTree = "<group>"; };
		03B1DB052118D1C200F9C49C /* Base */ = {isa = PBXFileReference; lastKnownFileType = file.storyboard; name = Base; path = ../../photoSaver/photoSaver/Base.lproj/Main.storyboard; sourceTree = "<group>"; };
		03B1DB072118D24C00F9C49C /* Assets.xcassets */ = {isa = PBXFileReference; lastKnownFileType = folder.assetcatalog; name = Assets.xcassets; path = ../../photoSaver/photoSaver/Assets.xcassets; sourceTree = "<group>"; };
/* End PBXFileReference section */

/* Begin PBXFrameworksBuildPhase section */
		03B1DAE92118D03800F9C49C /* Frameworks */ = {
			isa = PBXFrameworksBuildPhase;
			buildActionMask = 2147483647;
			files = (
			);
			runOnlyForDeploymentPostprocessing = 0;
		};
/* End PBXFrameworksBuildPhase section */

/* Begin PBXGroup section */
		03B1DAE32118D03800F9C49C = {
			isa = PBXGroup;
			children = (
				03B1DAEE2118D03800F9C49C /* photoSaverNew */,
				03B1DAED2118D03800F9C49C /* Products */,
			);
			sourceTree = "<group>";
		};
		03B1DAED2118D03800F9C49C /* Products */ = {
			isa = PBXGroup;
			children = (
				03B1DAEC2118D03800F9C49C /* photoSaverNew.app */,
			);
			name = Products;
			sourceTree = "<group>";
		};
		03B1DAEE2118D03800F9C49C /* photoSaverNew */ = {
			isa = PBXGroup;
			children = (
				03B1DAEF2118D03800F9C49C /* AppDelegate.swift */,
				03B1DAF12118D03800F9C49C /* ViewController.swift */,
				03B1DB042118D1C200F9C49C /* Main.storyboard */,
				03B1DB072118D24C00F9C49C /* Assets.xcassets */,
				03AAD6372118D7D200AA4318 /* photoMakerViewController.swift */,
				03AAD6352118D7AB00AA4318 /* tableViewController.swift */,
				03AAD6332118D79D00AA4318 /* detailFinalViewController.swift */,
				03B1DAFB2118D03A00F9C49C /* LaunchScreen.storyboard */,
				03B1DAFE2118D03A00F9C49C /* Info.plist */,
				03B1DAF62118D03800F9C49C /* photoSaverNew.xcdatamodeld */,
			);
			path = photoSaverNew;
			sourceTree = "<group>";
		};
/* End PBXGroup section */

/* Begin PBXNativeTarget section */
		03B1DAEB2118D03800F9C49C /* photoSaverNew */ = {
			isa = PBXNativeTarget;
			buildConfigurationList = 03B1DB012118D03A00F9C49C /* Build configuration list for PBXNativeTarget "photoSaverNew" */;
			buildPhases = (
				03B1DAE82118D03800F9C49C /* Sources */,
				03B1DAE92118D03800F9C49C /* Frameworks */,
				03B1DAEA2118D03800F9C49C /* Resources */,
			);
			buildRules = (
			);
			dependencies = (
			);
			name = photoSaverNew;
			productName = photoSaverNew;
			productReference = 03B1DAEC2118D03800F9C49C /* photoSaverNew.app */;
			productType = "com.apple.product-type.application";
		};
/* End PBXNativeTarget section */

/* Begin PBXProject section */
		03B1DAE42118D03800F9C49C /* Project object */ = {
			isa = PBXProject;
			attributes = {
				LastSwiftUpdateCheck = 0940;
				LastUpgradeCheck = 0940;
				ORGANIZATIONNAME = "Kode With Klossy";
				TargetAttributes = {
					03B1DAEB2118D03800F9C49C = {
						CreatedOnToolsVersion = 9.4.1;
					};
				};
			};
			buildConfigurationList = 03B1DAE72118D03800F9C49C /* Build configuration list for PBXProject "photoSaverNew" */;
			compatibilityVersion = "Xcode 9.3";
			developmentRegion = en;
			hasScannedForEncodings = 0;
			knownRegions = (
				en,
				Base,
			);
			mainGroup = 03B1DAE32118D03800F9C49C;
			productRefGroup = 03B1DAED2118D03800F9C49C /* Products */;
			projectDirPath = "";
			projectRoot = "";
			targets = (
				03B1DAEB2118D03800F9C49C /* photoSaverNew */,
			);
		};
/* End PBXProject section */

/* Begin PBXResourcesBuildPhase section */
		03B1DAEA2118D03800F9C49C /* Resources */ = {
			isa = PBXResourcesBuildPhase;
			buildActionMask = 2147483647;
			files = (
				03B1DAFD2118D03A00F9C49C /* LaunchScreen.storyboard in Resources */,
				03B1DB082118D24C00F9C49C /* Assets.xcassets in Resources */,
				03B1DB062118D1C300F9C49C /* Main.storyboard in Resources */,
			);
			runOnlyForDeploymentPostprocessing = 0;
		};
/* End PBXResourcesBuildPhase section */

/* Begin PBXSourcesBuildPhase section */
		03B1DAE82118D03800F9C49C /* Sources */ = {
			isa = PBXSourcesBuildPhase;
			buildActionMask = 2147483647;
			files = (
				03B1DAF22118D03800F9C49C /* ViewController.swift in Sources */,
				03B1DAF82118D03800F9C49C /* photoSaverNew.xcdatamodeld in Sources */,
				03AAD6342118D79D00AA4318 /* detailFinalViewController.swift in Sources */,
				03B1DAF02118D03800F9C49C /* AppDelegate.swift in Sources */,
				03AAD6382118D7D200AA4318 /* photoMakerViewController.swift in Sources */,
				03AAD6362118D7AB00AA4318 /* tableViewController.swift in Sources */,
			);
			runOnlyForDeploymentPostprocessing = 0;
		};
/* End PBXSourcesBuildPhase section */

/* Begin PBXVariantGroup section */
		03B1DAFB2118D03A00F9C49C /* LaunchScreen.storyboard */ = {
			isa = PBXVariantGroup;
			children = (
				03B1DAFC2118D03A00F9C49C /* Base */,
			);
			name = LaunchScreen.storyboard;
			sourceTree = "<group>";
		};
		03B1DB042118D1C200F9C49C /* Main.storyboard */ = {
			isa = PBXVariantGroup;
			children = (
				03B1DB052118D1C200F9C49C /* Base */,
			);
			name = Main.storyboard;
			sourceTree = "<group>";
		};
/* End PBXVariantGroup section */

/* Begin XCBuildConfiguration section */
		03B1DAFF2118D03A00F9C49C /* Debug */ = {
			isa = XCBuildConfiguration;
			buildSettings = {
				ALWAYS_SEARCH_USER_PATHS = NO;
				CLANG_ANALYZER_NONNULL = YES;
				CLANG_ANALYZER_NUMBER_OBJECT_CONVERSION = YES_AGGRESSIVE;
				CLANG_CXX_LANGUAGE_STANDARD = "gnu++14";
				CLANG_CXX_LIBRARY = "libc++";
				CLANG_ENABLE_MODULES = YES;
				CLANG_ENABLE_OBJC_ARC = YES;
				CLANG_ENABLE_OBJC_WEAK = YES;
				CLANG_WARN_BLOCK_CAPTURE_AUTORELEASING = YES;
				CLANG_WARN_BOOL_CONVERSION = YES;
				CLANG_WARN_COMMA = YES;
				CLANG_WARN_CONSTANT_CONVERSION = YES;
				CLANG_WARN_DEPRECATED_OBJC_IMPLEMENTATIONS = YES;
				CLANG_WARN_DIRECT_OBJC_ISA_USAGE = YES_ERROR;
				CLANG_WARN_DOCUMENTATION_COMMENTS = YES;
				CLANG_WARN_EMPTY_BODY = YES;
				CLANG_WARN_ENUM_CONVERSION = YES;
				CLANG_WARN_INFINITE_RECURSION = YES;
				CLANG_WARN_INT_CONVERSION = YES;
				CLANG_WARN_NON_LITERAL_NULL_CONVERSION = YES;
				CLANG_WARN_OBJC_IMPLICIT_RETAIN_SELF = YES;
				CLANG_WARN_OBJC_LITERAL_CONVERSION = YES;
				CLANG_WARN_OBJC_ROOT_CLASS = YES_ERROR;
				CLANG_WARN_RANGE_LOOP_ANALYSIS = YES;
				CLANG_WARN_STRICT_PROTOTYPES = YES;
				CLANG_WARN_SUSPICIOUS_MOVE = YES;
				CLANG_WARN_UNGUARDED_AVAILABILITY = YES_AGGRESSIVE;
				CLANG_WARN_UNREACHABLE_CODE = YES;
				CLANG_WARN__DUPLICATE_METHOD_MATCH = YES;
				CODE_SIGN_IDENTITY = "iPhone Developer";
				COPY_PHASE_STRIP = NO;
				DEBUG_INFORMATION_FORMAT = dwarf;
				ENABLE_STRICT_OBJC_MSGSEND = YES;
				ENABLE_TESTABILITY = YES;
				GCC_C_LANGUAGE_STANDARD = gnu11;
				GCC_DYNAMIC_NO_PIC = NO;
				GCC_NO_COMMON_BLOCKS = YES;
				GCC_OPTIMIZATION_LEVEL = 0;
				GCC_PREPROCESSOR_DEFINITIONS = (
					"DEBUG=1",
					"$(inherited)",
				);
				GCC_WARN_64_TO_32_BIT_CONVERSION = YES;
				GCC_WARN_ABOUT_RETURN_TYPE = YES_ERROR;
				GCC_WARN_UNDECLARED_SELECTOR = YES;
				GCC_WARN_UNINITIALIZED_AUTOS = YES_AGGRESSIVE;
				GCC_WARN_UNUSED_FUNCTION = YES;
				GCC_WARN_UNUSED_VARIABLE = YES;
				IPHONEOS_DEPLOYMENT_TARGET = 11.4;
				MTL_ENABLE_DEBUG_INFO = YES;
				ONLY_ACTIVE_ARCH = YES;
				SDKROOT = iphoneos;
				SWIFT_ACTIVE_COMPILATION_CONDITIONS = DEBUG;
				SWIFT_OPTIMIZATION_LEVEL = "-Onone";
			};
			name = Debug;
		};
		03B1DB002118D03A00F9C49C /* Release */ = {
			isa = XCBuildConfiguration;
			buildSettings = {
				ALWAYS_SEARCH_USER_PATHS = NO;
				CLANG_ANALYZER_NONNULL = YES;
				CLANG_ANALYZER_NUMBER_OBJECT_CONVERSION = YES_AGGRESSIVE;
				CLANG_CXX_LANGUAGE_STANDARD = "gnu++14";
				CLANG_CXX_LIBRARY = "libc++";
				CLANG_ENABLE_MODULES = YES;
				CLANG_ENABLE_OBJC_ARC = YES;
				CLANG_ENABLE_OBJC_WEAK = YES;
				CLANG_WARN_BLOCK_CAPTURE_AUTORELEASING = YES;
				CLANG_WARN_BOOL_CONVERSION = YES;
				CLANG_WARN_COMMA = YES;
				CLANG_WARN_CONSTANT_CONVERSION = YES;
				CLANG_WARN_DEPRECATED_OBJC_IMPLEMENTATIONS = YES;
				CLANG_WARN_DIRECT_OBJC_ISA_USAGE = YES_ERROR;
				CLANG_WARN_DOCUMENTATION_COMMENTS = YES;
				CLANG_WARN_EMPTY_BODY = YES;
				CLANG_WARN_ENUM_CONVERSION = YES;
				CLANG_WARN_INFINITE_RECURSION = YES;
				CLANG_WARN_INT_CONVERSION = YES;
				CLANG_WARN_NON_LITERAL_NULL_CONVERSION = YES;
				CLANG_WARN_OBJC_IMPLICIT_RETAIN_SELF = YES;
				CLANG_WARN_OBJC_LITERAL_CONVERSION = YES;
				CLANG_WARN_OBJC_ROOT_CLASS = YES_ERROR;
				CLANG_WARN_RANGE_LOOP_ANALYSIS = YES;
				CLANG_WARN_STRICT_PROTOTYPES = YES;
				CLANG_WARN_SUSPICIOUS_MOVE = YES;
				CLANG_WARN_UNGUARDED_AVAILABILITY = YES_AGGRESSIVE;
				CLANG_WARN_UNREACHABLE_CODE = YES;
				CLANG_WARN__DUPLICATE_METHOD_MATCH = YES;
				CODE_SIGN_IDENTITY = "iPhone Developer";
				COPY_PHASE_STRIP = NO;
				DEBUG_INFORMATION_FORMAT = "dwarf-with-dsym";
				ENABLE_NS_ASSERTIONS = NO;
				ENABLE_STRICT_OBJC_MSGSEND = YES;
				GCC_C_LANGUAGE_STANDARD = gnu11;
				GCC_NO_COMMON_BLOCKS = YES;
				GCC_WARN_64_TO_32_BIT_CONVERSION = YES;
				GCC_WARN_ABOUT_RETURN_TYPE = YES_ERROR;
				GCC_WARN_UNDECLARED_SELECTOR = YES;
				GCC_WARN_UNINITIALIZED_AUTOS = YES_AGGRESSIVE;
				GCC_WARN_UNUSED_FUNCTION = YES;
				GCC_WARN_UNUSED_VARIABLE = YES;
				IPHONEOS_DEPLOYMENT_TARGET = 11.4;
				MTL_ENABLE_DEBUG_INFO = NO;
				SDKROOT = iphoneos;
				SWIFT_COMPILATION_MODE = wholemodule;
				SWIFT_OPTIMIZATION_LEVEL = "-O";
				VALIDATE_PRODUCT = YES;
			};
			name = Release;
		};
		03B1DB022118D03A00F9C49C /* Debug */ = {
			isa = XCBuildConfiguration;
			buildSettings = {
				ASSETCATALOG_COMPILER_APPICON_NAME = AppIcon;
				CODE_SIGN_STYLE = Automatic;
				DEVELOPMENT_TEAM = 78J2A8L65R;
				INFOPLIST_FILE = photoSaverNew/Info.plist;
				LD_RUNPATH_SEARCH_PATHS = (
					"$(inherited)",
					"@executable_path/Frameworks",
				);
				PRODUCT_BUNDLE_IDENTIFIER = com.Caroline.photoSaverNew;
				PRODUCT_NAME = "$(TARGET_NAME)";
				SWIFT_VERSION = 4.0;
				TARGETED_DEVICE_FAMILY = "1,2";
			};
			name = Debug;
		};
		03B1DB032118D03A00F9C49C /* Release */ = {
			isa = XCBuildConfiguration;
			buildSettings = {
				ASSETCATALOG_COMPILER_APPICON_NAME = AppIcon;
				CODE_SIGN_STYLE = Automatic;
				DEVELOPMENT_TEAM = 78J2A8L65R;
				INFOPLIST_FILE = photoSaverNew/Info.plist;
				LD_RUNPATH_SEARCH_PATHS = (
					"$(inherited)",
					"@executable_path/Frameworks",
				);
				PRODUCT_BUNDLE_IDENTIFIER = com.Caroline.photoSaverNew;
				PRODUCT_NAME = "$(TARGET_NAME)";
				SWIFT_VERSION = 4.0;
				TARGETED_DEVICE_FAMILY = "1,2";
			};
			name = Release;
		};
/* End XCBuildConfiguration section */

/* Begin XCConfigurationList section */
		03B1DAE72118D03800F9C49C /* Build configuration list for PBXProject "photoSaverNew" */ = {
			isa = XCConfigurationList;
			buildConfigurations = (
				03B1DAFF2118D03A00F9C49C /* Debug */,
				03B1DB002118D03A00F9C49C /* Release */,
			);
			defaultConfigurationIsVisible = 0;
			defaultConfigurationName = Release;
		};
		03B1DB012118D03A00F9C49C /* Build configuration list for PBXNativeTarget "photoSaverNew" */ = {
			isa = XCConfigurationList;
			buildConfigurations = (
				03B1DB022118D03A00F9C49C /* Debug */,
				03B1DB032118D03A00F9C49C /* Release */,
			);
			defaultConfigurationIsVisible = 0;
			defaultConfigurationName = Release;
		};
/* End XCConfigurationList section */

/* Begin XCVersionGroup section */
		03B1DAF62118D03800F9C49C /* photoSaverNew.xcdatamodeld */ = {
			isa = XCVersionGroup;
			children = (
				03B1DAF72118D03800F9C49C /* photoSaverNew.xcdatamodel */,
			);
			currentVersion = 03B1DAF72118D03800F9C49C /* photoSaverNew.xcdatamodel */;
			path = photoSaverNew.xcdatamodeld;
			sourceTree = "<group>";
			versionGroupType = wrapper.xcdatamodel;
		};
/* End XCVersionGroup section */
	};
	rootObject = 03B1DAE42118D03800F9C49C /* Project object */;
}
